
Microsoft Visual Studio Solution File, Format Version 12.00
# Visual Studio Version 17
VisualStudioVersion = 17.2.32630.192
MinimumVisualStudioVersion = 10.0.40219.1
Project("{9A19103F-16F7-4668-BE54-9A1E7A4F7556}") = "Medicard.Domain", "Medicard.Domain\Medicard.Domain.csproj", "{88959645-1ADB-4CCC-B74B-E33695FC97C7}"
EndProject
Project("{9A19103F-16F7-4668-BE54-9A1E7A4F7556}") = "Medicard.WebUI", "Medicard.WebUI\Medicard.WebUI.csproj", "{CE4A6653-BC70-4546-BB83-DAEF5201575E}"
EndProject
Project("{9A19103F-16F7-4668-BE54-9A1E7A4F7556}") = "Medicard.Services", "Medicard.Services\Medicard.Services.csproj", "{7FDA9C67-F838-4FA3-ABA5-A90A2C974F7E}"
EndProject
Project("{9A19103F-16F7-4668-BE54-9A1E7A4F7556}") = "Medicard.WebAPI", "Medicard.WebAPI\Medicard.WebAPI.csproj", "{260E3ECC-81BA-4858-ABE8-15C5A5DB19DE}"
EndProject
Project("{FAE04EC0-301F-11D3-BF4B-00C04F79EFBC}") = "Medicard.Tests", "Medicard.Tests\Medicard.Tests.csproj", "{C6A73E32-1FB0-4ACA-B53D-4EF4F11F215F}"
EndProject
Global
	GlobalSection(SolutionConfigurationPlatforms) = preSolution
		Debug|Any CPU = Debug|Any CPU
		Release|Any CPU = Release|Any CPU
	EndGlobalSection
	GlobalSection(ProjectConfigurationPlatforms) = postSolution
		{88959645-1ADB-4CCC-B74B-E33695FC97C7}.Debug|Any CPU.ActiveCfg = Debug|Any CPU
		{88959645-1ADB-4CCC-B74B-E33695FC97C7}.Debug|Any CPU.Build.0 = Debug|Any CPU
		{88959645-1ADB-4CCC-B74B-E33695FC97C7}.Release|Any CPU.ActiveCfg = Release|Any CPU
		{88959645-1ADB-4CCC-B74B-E33695FC97C7}.Release|Any CPU.Build.0 = Release|Any CPU
		{CE4A6653-BC70-4546-BB83-DAEF5201575E}.Debug|Any CPU.ActiveCfg = Debug|Any CPU
		{CE4A6653-BC70-4546-BB83-DAEF5201575E}.Debug|Any CPU.Build.0 = Debug|Any CPU
		{CE4A6653-BC70-4546-BB83-DAEF5201575E}.Release|Any CPU.ActiveCfg = Release|Any CPU
		{CE4A6653-BC70-4546-BB83-DAEF5201575E}.Release|Any CPU.Build.0 = Release|Any CPU
		{7FDA9C67-F838-4FA3-ABA5-A90A2C974F7E}.Debug|Any CPU.ActiveCfg = Debug|Any CPU
		{7FDA9C67-F838-4FA3-ABA5-A90A2C974F7E}.Debug|Any CPU.Build.0 = Debug|Any CPU
		{7FDA9C67-F838-4FA3-ABA5-A90A2C974F7E}.Release|Any CPU.ActiveCfg = Release|Any CPU
		{7FDA9C67-F838-4FA3-ABA5-A90A2C974F7E}.Release|Any CPU.Build.0 = Release|Any CPU
		{260E3ECC-81BA-4858-ABE8-15C5A5DB19DE}.Debug|Any CPU.ActiveCfg = Debug|Any CPU
		{260E3ECC-81BA-4858-ABE8-15C5A5DB19DE}.Debug|Any CPU.Build.0 = Debug|Any CPU
		{260E3ECC-81BA-4858-ABE8-15C5A5DB19DE}.Release|Any CPU.ActiveCfg = Release|Any CPU
		{260E3ECC-81BA-4858-ABE8-15C5A5DB19DE}.Release|Any CPU.Build.0 = Release|Any CPU
		{C6A73E32-1FB0-4ACA-B53D-4EF4F11F215F}.Debug|Any CPU.ActiveCfg = Debug|Any CPU
		{C6A73E32-1FB0-4ACA-B53D-4EF4F11F215F}.Debug|Any CPU.Build.0 = Debug|Any CPU
		{C6A73E32-1FB0-4ACA-B53D-4EF4F11F215F}.Release|Any CPU.ActiveCfg = Release|Any CPU
		{C6A73E32-1FB0-4ACA-B53D-4EF4F11F215F}.Release|Any CPU.Build.0 = Release|Any CPU
	EndGlobalSection
	GlobalSection(SolutionProperties) = preSolution
		HideSolutionNode = FALSE
	EndGlobalSection
	GlobalSection(ExtensibilityGlobals) = postSolution
		SolutionGuid = {D691BABC-E48E-4B8E-AC97-E6D76A263137}
	EndGlobalSection
EndGlobal
