
Microsoft Visual Studio Solution File, Format Version 12.00
# Visual Studio Version 17
VisualStudioVersion = 17.2.32630.192
MinimumVisualStudioVersion = 10.0.40219.1
Project("{9A19103F-16F7-4668-BE54-9A1E7A4F7556}") = "Medicard.API", "Medicard.API\Medicard.API.csproj", "{609CC9BC-A131-46E0-A421-8C77969BC70B}"
EndProject
Project("{FAE04EC0-301F-11D3-BF4B-00C04F79EFBC}") = "Medicard.Domain", "Medicard.Domain\Medicard.Domain.csproj", "{88959645-1ADB-4CCC-B74B-E33695FC97C7}"
EndProject
Global
	GlobalSection(SolutionConfigurationPlatforms) = preSolution
		Debug|Any CPU = Debug|Any CPU
		Release|Any CPU = Release|Any CPU
	EndGlobalSection
	GlobalSection(ProjectConfigurationPlatforms) = postSolution
		{609CC9BC-A131-46E0-A421-8C77969BC70B}.Debug|Any CPU.ActiveCfg = Debug|Any CPU
		{609CC9BC-A131-46E0-A421-8C77969BC70B}.Debug|Any CPU.Build.0 = Debug|Any CPU
		{609CC9BC-A131-46E0-A421-8C77969BC70B}.Release|Any CPU.ActiveCfg = Release|Any CPU
		{609CC9BC-A131-46E0-A421-8C77969BC70B}.Release|Any CPU.Build.0 = Release|Any CPU
		{88959645-1ADB-4CCC-B74B-E33695FC97C7}.Debug|Any CPU.ActiveCfg = Debug|Any CPU
		{88959645-1ADB-4CCC-B74B-E33695FC97C7}.Debug|Any CPU.Build.0 = Debug|Any CPU
		{88959645-1ADB-4CCC-B74B-E33695FC97C7}.Release|Any CPU.ActiveCfg = Release|Any CPU
		{88959645-1ADB-4CCC-B74B-E33695FC97C7}.Release|Any CPU.Build.0 = Release|Any CPU
	EndGlobalSection
	GlobalSection(SolutionProperties) = preSolution
		HideSolutionNode = FALSE
	EndGlobalSection
	GlobalSection(ExtensibilityGlobals) = postSolution
		SolutionGuid = {D691BABC-E48E-4B8E-AC97-E6D76A263137}
	EndGlobalSection
EndGlobal
